
Microsoft Visual Studio Solution File, Format Version 12.00
# Visual Studio Version 16
VisualStudioVersion = 16.0.31613.86
MinimumVisualStudioVersion = 10.0.40219.1
Project("{FAE04EC0-301F-11D3-BF4B-00C04F79EFBC}") = "Labb 2", "Labb 2\Labb 2.csproj", "{7B2B1F4F-38C4-45D5-8450-9EE106308BAE}"
EndProject
Global
	GlobalSection(SolutionConfigurationPlatforms) = preSolution
		Debug|Any CPU = Debug|Any CPU
		Release|Any CPU = Release|Any CPU
	EndGlobalSection
	GlobalSection(ProjectConfigurationPlatforms) = postSolution
		{7B2B1F4F-38C4-45D5-8450-9EE106308BAE}.Debug|Any CPU.ActiveCfg = Debug|Any CPU
		{7B2B1F4F-38C4-45D5-8450-9EE106308BAE}.Debug|Any CPU.Build.0 = Debug|Any CPU
		{7B2B1F4F-38C4-45D5-8450-9EE106308BAE}.Release|Any CPU.ActiveCfg = Release|Any CPU
		{7B2B1F4F-38C4-45D5-8450-9EE106308BAE}.Release|Any CPU.Build.0 = Release|Any CPU
	EndGlobalSection
	GlobalSection(SolutionProperties) = preSolution
		HideSolutionNode = FALSE
	EndGlobalSection
	GlobalSection(ExtensibilityGlobals) = postSolution
		SolutionGuid = {5B7750BA-1589-49C7-972E-3970F5F953D4}
	EndGlobalSection
EndGlobal
